// !$*UTF8*$!
{
	archiveVersion = 1;
	classes = {
	};
	objectVersion = 51;
	objects = {

/* Begin PBXBuildFile section */
		255D4B992639A96F00187C82 /* AppDelegate.swift in Sources */ = {isa = PBXBuildFile; fileRef = 255D4B982639A96F00187C82 /* AppDelegate.swift */; };
		255D4B9B2639A96F00187C82 /* SceneDelegate.swift in Sources */ = {isa = PBXBuildFile; fileRef = 255D4B9A2639A96F00187C82 /* SceneDelegate.swift */; };
		255D4B9D2639A96F00187C82 /* ViewController.swift in Sources */ = {isa = PBXBuildFile; fileRef = 255D4B9C2639A96F00187C82 /* ViewController.swift */; };
		255D4BA02639A96F00187C82 /* Main.storyboard in Resources */ = {isa = PBXBuildFile; fileRef = 255D4B9E2639A96F00187C82 /* Main.storyboard */; };
		255D4BA22639A97000187C82 /* Assets.xcassets in Resources */ = {isa = PBXBuildFile; fileRef = 255D4BA12639A97000187C82 /* Assets.xcassets */; };
		255D4BA52639A97100187C82 /* LaunchScreen.storyboard in Resources */ = {isa = PBXBuildFile; fileRef = 255D4BA32639A97000187C82 /* LaunchScreen.storyboard */; };
		255D4BB02639A97100187C82 /* Creek_DemoTests.swift in Sources */ = {isa = PBXBuildFile; fileRef = 255D4BAF2639A97100187C82 /* Creek_DemoTests.swift */; };
		255D4BBB2639A97100187C82 /* Creek_DemoUITests.swift in Sources */ = {isa = PBXBuildFile; fileRef = 255D4BBA2639A97100187C82 /* Creek_DemoUITests.swift */; };
		255D4BCE2639AC6500187C82 /* BackgroundKolodaAnimator.swift in Sources */ = {isa = PBXBuildFile; fileRef = 255D4BC92639AC6500187C82 /* BackgroundKolodaAnimator.swift */; };
		255D4BCF2639AC6500187C82 /* CustomKolodaView.swift in Sources */ = {isa = PBXBuildFile; fileRef = 255D4BCA2639AC6500187C82 /* CustomKolodaView.swift */; };
		255D4BD12639AC6500187C82 /* BackgroundAnimationViewController.swift in Sources */ = {isa = PBXBuildFile; fileRef = 255D4BCC2639AC6500187C82 /* BackgroundAnimationViewController.swift */; };
		255D4BD32639AC7400187C82 /* OverlayView.xib in Resources */ = {isa = PBXBuildFile; fileRef = 255D4BD22639AC7400187C82 /* OverlayView.xib */; };
		255D4BD52639AEEF00187C82 /* ExampleOverlayView.swift in Sources */ = {isa = PBXBuildFile; fileRef = 255D4BD42639AEEF00187C82 /* ExampleOverlayView.swift */; };
		255D4BD82639B5F200187C82 /* CustomOverlayView.swift in Sources */ = {isa = PBXBuildFile; fileRef = 255D4BD62639B5F200187C82 /* CustomOverlayView.swift */; };
		255D4BD92639B5F200187C82 /* CustomOverlayView.xib in Resources */ = {isa = PBXBuildFile; fileRef = 255D4BD72639B5F200187C82 /* CustomOverlayView.xib */; };
		608BF3AB08A73D17EBB25164 /* Pods_Creek_DemoTests.framework in Frameworks */ = {isa = PBXBuildFile; fileRef = 29F643069A8289E95B642BCD /* Pods_Creek_DemoTests.framework */; };
		BDC96868612F6B7035C570FA /* Pods_Creek_Demo_Creek_DemoUITests.framework in Frameworks */ = {isa = PBXBuildFile; fileRef = D51A7938C1D09065C3F4513A /* Pods_Creek_Demo_Creek_DemoUITests.framework */; };
		F620D8D5C5E74736CF0D0FD2 /* Pods_Creek_Demo.framework in Frameworks */ = {isa = PBXBuildFile; fileRef = C3993373B4BB3E2DE7B41EAE /* Pods_Creek_Demo.framework */; };
/* End PBXBuildFile section */

/* Begin PBXContainerItemProxy section */
		255D4BAC2639A97100187C82 /* PBXContainerItemProxy */ = {
			isa = PBXContainerItemProxy;
			containerPortal = 255D4B8D2639A96F00187C82 /* Project object */;
			proxyType = 1;
			remoteGlobalIDString = 255D4B942639A96F00187C82;
			remoteInfo = "Creek Demo";
		};
		255D4BB72639A97100187C82 /* PBXContainerItemProxy */ = {
			isa = PBXContainerItemProxy;
			containerPortal = 255D4B8D2639A96F00187C82 /* Project object */;
			proxyType = 1;
			remoteGlobalIDString = 255D4B942639A96F00187C82;
			remoteInfo = "Creek Demo";
		};
/* End PBXContainerItemProxy section */

/* Begin PBXFileReference section */
		04924CA99AE6C278FEB9EC08 /* Pods-Creek Demo-Creek DemoUITests.debug.xcconfig */ = {isa = PBXFileReference; includeInIndex = 1; lastKnownFileType = text.xcconfig; name = "Pods-Creek Demo-Creek DemoUITests.debug.xcconfig"; path = "Target Support Files/Pods-Creek Demo-Creek DemoUITests/Pods-Creek Demo-Creek DemoUITests.debug.xcconfig"; sourceTree = "<group>"; };
		255D4B952639A96F00187C82 /* Creek Demo.app */ = {isa = PBXFileReference; explicitFileType = wrapper.application; includeInIndex = 0; path = "Creek Demo.app"; sourceTree = BUILT_PRODUCTS_DIR; };
		255D4B982639A96F00187C82 /* AppDelegate.swift */ = {isa = PBXFileReference; lastKnownFileType = sourcecode.swift; path = AppDelegate.swift; sourceTree = "<group>"; };
		255D4B9A2639A96F00187C82 /* SceneDelegate.swift */ = {isa = PBXFileReference; lastKnownFileType = sourcecode.swift; path = SceneDelegate.swift; sourceTree = "<group>"; };
		255D4B9C2639A96F00187C82 /* ViewController.swift */ = {isa = PBXFileReference; lastKnownFileType = sourcecode.swift; path = ViewController.swift; sourceTree = "<group>"; };
		255D4B9F2639A96F00187C82 /* Base */ = {isa = PBXFileReference; lastKnownFileType = file.storyboard; name = Base; path = Base.lproj/Main.storyboard; sourceTree = "<group>"; };
		255D4BA12639A97000187C82 /* Assets.xcassets */ = {isa = PBXFileReference; lastKnownFileType = folder.assetcatalog; path = Assets.xcassets; sourceTree = "<group>"; };
		255D4BA42639A97000187C82 /* Base */ = {isa = PBXFileReference; lastKnownFileType = file.storyboard; name = Base; path = Base.lproj/LaunchScreen.storyboard; sourceTree = "<group>"; };
		255D4BA62639A97100187C82 /* Info.plist */ = {isa = PBXFileReference; lastKnownFileType = text.plist.xml; path = Info.plist; sourceTree = "<group>"; };
		255D4BAB2639A97100187C82 /* Creek DemoTests.xctest */ = {isa = PBXFileReference; explicitFileType = wrapper.cfbundle; includeInIndex = 0; path = "Creek DemoTests.xctest"; sourceTree = BUILT_PRODUCTS_DIR; };
		255D4BAF2639A97100187C82 /* Creek_DemoTests.swift */ = {isa = PBXFileReference; lastKnownFileType = sourcecode.swift; path = Creek_DemoTests.swift; sourceTree = "<group>"; };
		255D4BB12639A97100187C82 /* Info.plist */ = {isa = PBXFileReference; lastKnownFileType = text.plist.xml; path = Info.plist; sourceTree = "<group>"; };
		255D4BB62639A97100187C82 /* Creek DemoUITests.xctest */ = {isa = PBXFileReference; explicitFileType = wrapper.cfbundle; includeInIndex = 0; path = "Creek DemoUITests.xctest"; sourceTree = BUILT_PRODUCTS_DIR; };
		255D4BBA2639A97100187C82 /* Creek_DemoUITests.swift */ = {isa = PBXFileReference; lastKnownFileType = sourcecode.swift; path = Creek_DemoUITests.swift; sourceTree = "<group>"; };
		255D4BBC2639A97100187C82 /* Info.plist */ = {isa = PBXFileReference; lastKnownFileType = text.plist.xml; path = Info.plist; sourceTree = "<group>"; };
		255D4BC92639AC6500187C82 /* BackgroundKolodaAnimator.swift */ = {isa = PBXFileReference; fileEncoding = 4; lastKnownFileType = sourcecode.swift; path = BackgroundKolodaAnimator.swift; sourceTree = "<group>"; };
		255D4BCA2639AC6500187C82 /* CustomKolodaView.swift */ = {isa = PBXFileReference; fileEncoding = 4; lastKnownFileType = sourcecode.swift; path = CustomKolodaView.swift; sourceTree = "<group>"; };
		255D4BCC2639AC6500187C82 /* BackgroundAnimationViewController.swift */ = {isa = PBXFileReference; fileEncoding = 4; lastKnownFileType = sourcecode.swift; path = BackgroundAnimationViewController.swift; sourceTree = "<group>"; };
		255D4BD22639AC7400187C82 /* OverlayView.xib */ = {isa = PBXFileReference; fileEncoding = 4; lastKnownFileType = file.xib; path = OverlayView.xib; sourceTree = "<group>"; };
		255D4BD42639AEEF00187C82 /* ExampleOverlayView.swift */ = {isa = PBXFileReference; fileEncoding = 4; lastKnownFileType = sourcecode.swift; path = ExampleOverlayView.swift; sourceTree = "<group>"; };
		255D4BD62639B5F200187C82 /* CustomOverlayView.swift */ = {isa = PBXFileReference; fileEncoding = 4; lastKnownFileType = sourcecode.swift; path = CustomOverlayView.swift; sourceTree = "<group>"; };
		255D4BD72639B5F200187C82 /* CustomOverlayView.xib */ = {isa = PBXFileReference; fileEncoding = 4; lastKnownFileType = file.xib; path = CustomOverlayView.xib; sourceTree = "<group>"; };
		29F643069A8289E95B642BCD /* Pods_Creek_DemoTests.framework */ = {isa = PBXFileReference; explicitFileType = wrapper.framework; includeInIndex = 0; path = Pods_Creek_DemoTests.framework; sourceTree = BUILT_PRODUCTS_DIR; };
		6D2DF940A751BCE862C22D87 /* Pods-Creek DemoTests.debug.xcconfig */ = {isa = PBXFileReference; includeInIndex = 1; lastKnownFileType = text.xcconfig; name = "Pods-Creek DemoTests.debug.xcconfig"; path = "Target Support Files/Pods-Creek DemoTests/Pods-Creek DemoTests.debug.xcconfig"; sourceTree = "<group>"; };
		704E1681E07BABB0D3310609 /* Pods-Creek Demo.debug.xcconfig */ = {isa = PBXFileReference; includeInIndex = 1; lastKnownFileType = text.xcconfig; name = "Pods-Creek Demo.debug.xcconfig"; path = "Target Support Files/Pods-Creek Demo/Pods-Creek Demo.debug.xcconfig"; sourceTree = "<group>"; };
		9BCDF50B8856E51D4CF65442 /* Pods-Creek Demo-Creek DemoUITests.release.xcconfig */ = {isa = PBXFileReference; includeInIndex = 1; lastKnownFileType = text.xcconfig; name = "Pods-Creek Demo-Creek DemoUITests.release.xcconfig"; path = "Target Support Files/Pods-Creek Demo-Creek DemoUITests/Pods-Creek Demo-Creek DemoUITests.release.xcconfig"; sourceTree = "<group>"; };
		A942849E29F11F61115A6C7C /* Pods-Creek DemoTests.release.xcconfig */ = {isa = PBXFileReference; includeInIndex = 1; lastKnownFileType = text.xcconfig; name = "Pods-Creek DemoTests.release.xcconfig"; path = "Target Support Files/Pods-Creek DemoTests/Pods-Creek DemoTests.release.xcconfig"; sourceTree = "<group>"; };
		C3993373B4BB3E2DE7B41EAE /* Pods_Creek_Demo.framework */ = {isa = PBXFileReference; explicitFileType = wrapper.framework; includeInIndex = 0; path = Pods_Creek_Demo.framework; sourceTree = BUILT_PRODUCTS_DIR; };
		D51A7938C1D09065C3F4513A /* Pods_Creek_Demo_Creek_DemoUITests.framework */ = {isa = PBXFileReference; explicitFileType = wrapper.framework; includeInIndex = 0; path = Pods_Creek_Demo_Creek_DemoUITests.framework; sourceTree = BUILT_PRODUCTS_DIR; };
		DD1D5BF0E8670AC9C243D011 /* Pods-Creek Demo.release.xcconfig */ = {isa = PBXFileReference; includeInIndex = 1; lastKnownFileType = text.xcconfig; name = "Pods-Creek Demo.release.xcconfig"; path = "Target Support Files/Pods-Creek Demo/Pods-Creek Demo.release.xcconfig"; sourceTree = "<group>"; };
/* End PBXFileReference section */

/* Begin PBXFrameworksBuildPhase section */
		255D4B922639A96F00187C82 /* Frameworks */ = {
			isa = PBXFrameworksBuildPhase;
			buildActionMask = 2147483647;
			files = (
				F620D8D5C5E74736CF0D0FD2 /* Pods_Creek_Demo.framework in Frameworks */,
			);
			runOnlyForDeploymentPostprocessing = 0;
		};
		255D4BA82639A97100187C82 /* Frameworks */ = {
			isa = PBXFrameworksBuildPhase;
			buildActionMask = 2147483647;
			files = (
				608BF3AB08A73D17EBB25164 /* Pods_Creek_DemoTests.framework in Frameworks */,
			);
			runOnlyForDeploymentPostprocessing = 0;
		};
		255D4BB32639A97100187C82 /* Frameworks */ = {
			isa = PBXFrameworksBuildPhase;
			buildActionMask = 2147483647;
			files = (
				BDC96868612F6B7035C570FA /* Pods_Creek_Demo_Creek_DemoUITests.framework in Frameworks */,
			);
			runOnlyForDeploymentPostprocessing = 0;
		};
/* End PBXFrameworksBuildPhase section */

/* Begin PBXGroup section */
		0B1B830DF6AFB0F439460A38 /* Pods */ = {
			isa = PBXGroup;
			children = (
				704E1681E07BABB0D3310609 /* Pods-Creek Demo.debug.xcconfig */,
				DD1D5BF0E8670AC9C243D011 /* Pods-Creek Demo.release.xcconfig */,
				04924CA99AE6C278FEB9EC08 /* Pods-Creek Demo-Creek DemoUITests.debug.xcconfig */,
				9BCDF50B8856E51D4CF65442 /* Pods-Creek Demo-Creek DemoUITests.release.xcconfig */,
				6D2DF940A751BCE862C22D87 /* Pods-Creek DemoTests.debug.xcconfig */,
				A942849E29F11F61115A6C7C /* Pods-Creek DemoTests.release.xcconfig */,
			);
			path = Pods;
			sourceTree = "<group>";
		};
		255D4B8C2639A96F00187C82 = {
			isa = PBXGroup;
			children = (
				255D4B972639A96F00187C82 /* Creek Demo */,
				255D4BAE2639A97100187C82 /* Creek DemoTests */,
				255D4BB92639A97100187C82 /* Creek DemoUITests */,
				255D4B962639A96F00187C82 /* Products */,
				0B1B830DF6AFB0F439460A38 /* Pods */,
				B861DBC1346B240DBFC108F5 /* Frameworks */,
			);
			sourceTree = "<group>";
		};
		255D4B962639A96F00187C82 /* Products */ = {
			isa = PBXGroup;
			children = (
				255D4B952639A96F00187C82 /* Creek Demo.app */,
				255D4BAB2639A97100187C82 /* Creek DemoTests.xctest */,
				255D4BB62639A97100187C82 /* Creek DemoUITests.xctest */,
			);
			name = Products;
			sourceTree = "<group>";
		};
		255D4B972639A96F00187C82 /* Creek Demo */ = {
			isa = PBXGroup;
			children = (
				255D4BD22639AC7400187C82 /* OverlayView.xib */,
				255D4BCC2639AC6500187C82 /* BackgroundAnimationViewController.swift */,
				255D4BD62639B5F200187C82 /* CustomOverlayView.swift */,
				255D4BD72639B5F200187C82 /* CustomOverlayView.xib */,
				255D4BC92639AC6500187C82 /* BackgroundKolodaAnimator.swift */,
				255D4BD42639AEEF00187C82 /* ExampleOverlayView.swift */,
				255D4BCA2639AC6500187C82 /* CustomKolodaView.swift */,
				255D4B982639A96F00187C82 /* AppDelegate.swift */,
				255D4B9A2639A96F00187C82 /* SceneDelegate.swift */,
				255D4B9C2639A96F00187C82 /* ViewController.swift */,
				255D4B9E2639A96F00187C82 /* Main.storyboard */,
				255D4BA12639A97000187C82 /* Assets.xcassets */,
				255D4BA32639A97000187C82 /* LaunchScreen.storyboard */,
				255D4BA62639A97100187C82 /* Info.plist */,
			);
			path = "Creek Demo";
			sourceTree = "<group>";
		};
		255D4BAE2639A97100187C82 /* Creek DemoTests */ = {
			isa = PBXGroup;
			children = (
				255D4BAF2639A97100187C82 /* Creek_DemoTests.swift */,
				255D4BB12639A97100187C82 /* Info.plist */,
			);
			path = "Creek DemoTests";
			sourceTree = "<group>";
		};
		255D4BB92639A97100187C82 /* Creek DemoUITests */ = {
			isa = PBXGroup;
			children = (
				255D4BBA2639A97100187C82 /* Creek_DemoUITests.swift */,
				255D4BBC2639A97100187C82 /* Info.plist */,
			);
			path = "Creek DemoUITests";
			sourceTree = "<group>";
		};
		B861DBC1346B240DBFC108F5 /* Frameworks */ = {
			isa = PBXGroup;
			children = (
				C3993373B4BB3E2DE7B41EAE /* Pods_Creek_Demo.framework */,
				D51A7938C1D09065C3F4513A /* Pods_Creek_Demo_Creek_DemoUITests.framework */,
				29F643069A8289E95B642BCD /* Pods_Creek_DemoTests.framework */,
			);
			name = Frameworks;
			sourceTree = "<group>";
		};
/* End PBXGroup section */

/* Begin PBXNativeTarget section */
		255D4B942639A96F00187C82 /* Creek Demo */ = {
			isa = PBXNativeTarget;
			buildConfigurationList = 255D4BBF2639A97100187C82 /* Build configuration list for PBXNativeTarget "Creek Demo" */;
			buildPhases = (
				1DA7B9348A7EC10BA2226F2E /* [CP] Check Pods Manifest.lock */,
				255D4B912639A96F00187C82 /* Sources */,
				255D4B922639A96F00187C82 /* Frameworks */,
				255D4B932639A96F00187C82 /* Resources */,
				79F81171CA1A35192669E4B0 /* [CP] Embed Pods Frameworks */,
			);
			buildRules = (
			);
			dependencies = (
			);
			name = "Creek Demo";
			productName = "Creek Demo";
			productReference = 255D4B952639A96F00187C82 /* Creek Demo.app */;
			productType = "com.apple.product-type.application";
		};
		255D4BAA2639A97100187C82 /* Creek DemoTests */ = {
			isa = PBXNativeTarget;
			buildConfigurationList = 255D4BC22639A97100187C82 /* Build configuration list for PBXNativeTarget "Creek DemoTests" */;
			buildPhases = (
				9EA8413DA71F43CA2E68A79A /* [CP] Check Pods Manifest.lock */,
				255D4BA72639A97100187C82 /* Sources */,
				255D4BA82639A97100187C82 /* Frameworks */,
				255D4BA92639A97100187C82 /* Resources */,
			);
			buildRules = (
			);
			dependencies = (
				255D4BAD2639A97100187C82 /* PBXTargetDependency */,
			);
			name = "Creek DemoTests";
			productName = "Creek DemoTests";
			productReference = 255D4BAB2639A97100187C82 /* Creek DemoTests.xctest */;
			productType = "com.apple.product-type.bundle.unit-test";
		};
		255D4BB52639A97100187C82 /* Creek DemoUITests */ = {
			isa = PBXNativeTarget;
			buildConfigurationList = 255D4BC52639A97100187C82 /* Build configuration list for PBXNativeTarget "Creek DemoUITests" */;
			buildPhases = (
				D7AA1668B4F2BC74081731E7 /* [CP] Check Pods Manifest.lock */,
				255D4BB22639A97100187C82 /* Sources */,
				255D4BB32639A97100187C82 /* Frameworks */,
				255D4BB42639A97100187C82 /* Resources */,
				0C97FB1025DE039DED2D20CC /* [CP] Embed Pods Frameworks */,
			);
			buildRules = (
			);
			dependencies = (
				255D4BB82639A97100187C82 /* PBXTargetDependency */,
			);
			name = "Creek DemoUITests";
			productName = "Creek DemoUITests";
			productReference = 255D4BB62639A97100187C82 /* Creek DemoUITests.xctest */;
			productType = "com.apple.product-type.bundle.ui-testing";
		};
/* End PBXNativeTarget section */

/* Begin PBXProject section */
		255D4B8D2639A96F00187C82 /* Project object */ = {
			isa = PBXProject;
			attributes = {
				LastSwiftUpdateCheck = 1250;
				LastUpgradeCheck = 1250;
				TargetAttributes = {
					255D4B942639A96F00187C82 = {
						CreatedOnToolsVersion = 12.5;
					};
					255D4BAA2639A97100187C82 = {
						CreatedOnToolsVersion = 12.5;
						TestTargetID = 255D4B942639A96F00187C82;
					};
					255D4BB52639A97100187C82 = {
						CreatedOnToolsVersion = 12.5;
						TestTargetID = 255D4B942639A96F00187C82;
					};
				};
			};
			buildConfigurationList = 255D4B902639A96F00187C82 /* Build configuration list for PBXProject "Creek Demo" */;
			compatibilityVersion = "Xcode 9.3";
			developmentRegion = en;
			hasScannedForEncodings = 0;
			knownRegions = (
				en,
				Base,
			);
			mainGroup = 255D4B8C2639A96F00187C82;
			productRefGroup = 255D4B962639A96F00187C82 /* Products */;
			projectDirPath = "";
			projectRoot = "";
			targets = (
				255D4B942639A96F00187C82 /* Creek Demo */,
				255D4BAA2639A97100187C82 /* Creek DemoTests */,
				255D4BB52639A97100187C82 /* Creek DemoUITests */,
			);
		};
/* End PBXProject section */

/* Begin PBXResourcesBuildPhase section */
		255D4B932639A96F00187C82 /* Resources */ = {
			isa = PBXResourcesBuildPhase;
			buildActionMask = 2147483647;
			files = (
				255D4BA52639A97100187C82 /* LaunchScreen.storyboard in Resources */,
				255D4BA22639A97000187C82 /* Assets.xcassets in Resources */,
				255D4BD92639B5F200187C82 /* CustomOverlayView.xib in Resources */,
				255D4BD32639AC7400187C82 /* OverlayView.xib in Resources */,
				255D4BA02639A96F00187C82 /* Main.storyboard in Resources */,
			);
			runOnlyForDeploymentPostprocessing = 0;
		};
		255D4BA92639A97100187C82 /* Resources */ = {
			isa = PBXResourcesBuildPhase;
			buildActionMask = 2147483647;
			files = (
			);
			runOnlyForDeploymentPostprocessing = 0;
		};
		255D4BB42639A97100187C82 /* Resources */ = {
			isa = PBXResourcesBuildPhase;
			buildActionMask = 2147483647;
			files = (
			);
			runOnlyForDeploymentPostprocessing = 0;
		};
/* End PBXResourcesBuildPhase section */

/* Begin PBXShellScriptBuildPhase section */
		0C97FB1025DE039DED2D20CC /* [CP] Embed Pods Frameworks */ = {
			isa = PBXShellScriptBuildPhase;
			buildActionMask = 2147483647;
			files = (
			);
			inputFileListPaths = (
				"${PODS_ROOT}/Target Support Files/Pods-Creek Demo-Creek DemoUITests/Pods-Creek Demo-Creek DemoUITests-frameworks-${CONFIGURATION}-input-files.xcfilelist",
			);
			name = "[CP] Embed Pods Frameworks";
			outputFileListPaths = (
				"${PODS_ROOT}/Target Support Files/Pods-Creek Demo-Creek DemoUITests/Pods-Creek Demo-Creek DemoUITests-frameworks-${CONFIGURATION}-output-files.xcfilelist",
			);
			runOnlyForDeploymentPostprocessing = 0;
			shellPath = /bin/sh;
			shellScript = "\"${PODS_ROOT}/Target Support Files/Pods-Creek Demo-Creek DemoUITests/Pods-Creek Demo-Creek DemoUITests-frameworks.sh\"\n";
			showEnvVarsInLog = 0;
		};
		1DA7B9348A7EC10BA2226F2E /* [CP] Check Pods Manifest.lock */ = {
			isa = PBXShellScriptBuildPhase;
			buildActionMask = 2147483647;
			files = (
			);
			inputFileListPaths = (
			);
			inputPaths = (
				"${PODS_PODFILE_DIR_PATH}/Podfile.lock",
				"${PODS_ROOT}/Manifest.lock",
			);
			name = "[CP] Check Pods Manifest.lock";
			outputFileListPaths = (
			);
			outputPaths = (
				"$(DERIVED_FILE_DIR)/Pods-Creek Demo-checkManifestLockResult.txt",
			);
			runOnlyForDeploymentPostprocessing = 0;
			shellPath = /bin/sh;
			shellScript = "diff \"${PODS_PODFILE_DIR_PATH}/Podfile.lock\" \"${PODS_ROOT}/Manifest.lock\" > /dev/null\nif [ $? != 0 ] ; then\n    # print error to STDERR\n    echo \"error: The sandbox is not in sync with the Podfile.lock. Run 'pod install' or update your CocoaPods installation.\" >&2\n    exit 1\nfi\n# This output is used by Xcode 'outputs' to avoid re-running this script phase.\necho \"SUCCESS\" > \"${SCRIPT_OUTPUT_FILE_0}\"\n";
			showEnvVarsInLog = 0;
		};
		79F81171CA1A35192669E4B0 /* [CP] Embed Pods Frameworks */ = {
			isa = PBXShellScriptBuildPhase;
			buildActionMask = 2147483647;
			files = (
			);
			inputFileListPaths = (
				"${PODS_ROOT}/Target Support Files/Pods-Creek Demo/Pods-Creek Demo-frameworks-${CONFIGURATION}-input-files.xcfilelist",
			);
			name = "[CP] Embed Pods Frameworks";
			outputFileListPaths = (
				"${PODS_ROOT}/Target Support Files/Pods-Creek Demo/Pods-Creek Demo-frameworks-${CONFIGURATION}-output-files.xcfilelist",
			);
			runOnlyForDeploymentPostprocessing = 0;
			shellPath = /bin/sh;
			shellScript = "\"${PODS_ROOT}/Target Support Files/Pods-Creek Demo/Pods-Creek Demo-frameworks.sh\"\n";
			showEnvVarsInLog = 0;
		};
		9EA8413DA71F43CA2E68A79A /* [CP] Check Pods Manifest.lock */ = {
			isa = PBXShellScriptBuildPhase;
			buildActionMask = 2147483647;
			files = (
			);
			inputFileListPaths = (
			);
			inputPaths = (
				"${PODS_PODFILE_DIR_PATH}/Podfile.lock",
				"${PODS_ROOT}/Manifest.lock",
			);
			name = "[CP] Check Pods Manifest.lock";
			outputFileListPaths = (
			);
			outputPaths = (
				"$(DERIVED_FILE_DIR)/Pods-Creek DemoTests-checkManifestLockResult.txt",
			);
			runOnlyForDeploymentPostprocessing = 0;
			shellPath = /bin/sh;
			shellScript = "diff \"${PODS_PODFILE_DIR_PATH}/Podfile.lock\" \"${PODS_ROOT}/Manifest.lock\" > /dev/null\nif [ $? != 0 ] ; then\n    # print error to STDERR\n    echo \"error: The sandbox is not in sync with the Podfile.lock. Run 'pod install' or update your CocoaPods installation.\" >&2\n    exit 1\nfi\n# This output is used by Xcode 'outputs' to avoid re-running this script phase.\necho \"SUCCESS\" > \"${SCRIPT_OUTPUT_FILE_0}\"\n";
			showEnvVarsInLog = 0;
		};
		D7AA1668B4F2BC74081731E7 /* [CP] Check Pods Manifest.lock */ = {
			isa = PBXShellScriptBuildPhase;
			buildActionMask = 2147483647;
			files = (
			);
			inputFileListPaths = (
			);
			inputPaths = (
				"${PODS_PODFILE_DIR_PATH}/Podfile.lock",
				"${PODS_ROOT}/Manifest.lock",
			);
			name = "[CP] Check Pods Manifest.lock";
			outputFileListPaths = (
			);
			outputPaths = (
				"$(DERIVED_FILE_DIR)/Pods-Creek Demo-Creek DemoUITests-checkManifestLockResult.txt",
			);
			runOnlyForDeploymentPostprocessing = 0;
			shellPath = /bin/sh;
			shellScript = "diff \"${PODS_PODFILE_DIR_PATH}/Podfile.lock\" \"${PODS_ROOT}/Manifest.lock\" > /dev/null\nif [ $? != 0 ] ; then\n    # print error to STDERR\n    echo \"error: The sandbox is not in sync with the Podfile.lock. Run 'pod install' or update your CocoaPods installation.\" >&2\n    exit 1\nfi\n# This output is used by Xcode 'outputs' to avoid re-running this script phase.\necho \"SUCCESS\" > \"${SCRIPT_OUTPUT_FILE_0}\"\n";
			showEnvVarsInLog = 0;
		};
/* End PBXShellScriptBuildPhase section */

/* Begin PBXSourcesBuildPhase section */
		255D4B912639A96F00187C82 /* Sources */ = {
			isa = PBXSourcesBuildPhase;
			buildActionMask = 2147483647;
			files = (
				255D4BCE2639AC6500187C82 /* BackgroundKolodaAnimator.swift in Sources */,
				255D4B9D2639A96F00187C82 /* ViewController.swift in Sources */,
				255D4BD82639B5F200187C82 /* CustomOverlayView.swift in Sources */,
				255D4B992639A96F00187C82 /* AppDelegate.swift in Sources */,
				255D4BCF2639AC6500187C82 /* CustomKolodaView.swift in Sources */,
				255D4BD52639AEEF00187C82 /* ExampleOverlayView.swift in Sources */,
				255D4BD12639AC6500187C82 /* BackgroundAnimationViewController.swift in Sources */,
				255D4B9B2639A96F00187C82 /* SceneDelegate.swift in Sources */,
			);
			runOnlyForDeploymentPostprocessing = 0;
		};
		255D4BA72639A97100187C82 /* Sources */ = {
			isa = PBXSourcesBuildPhase;
			buildActionMask = 2147483647;
			files = (
				255D4BB02639A97100187C82 /* Creek_DemoTests.swift in Sources */,
			);
			runOnlyForDeploymentPostprocessing = 0;
		};
		255D4BB22639A97100187C82 /* Sources */ = {
			isa = PBXSourcesBuildPhase;
			buildActionMask = 2147483647;
			files = (
				255D4BBB2639A97100187C82 /* Creek_DemoUITests.swift in Sources */,
			);
			runOnlyForDeploymentPostprocessing = 0;
		};
/* End PBXSourcesBuildPhase section */

/* Begin PBXTargetDependency section */
		255D4BAD2639A97100187C82 /* PBXTargetDependency */ = {
			isa = PBXTargetDependency;
			target = 255D4B942639A96F00187C82 /* Creek Demo */;
			targetProxy = 255D4BAC2639A97100187C82 /* PBXContainerItemProxy */;
		};
		255D4BB82639A97100187C82 /* PBXTargetDependency */ = {
			isa = PBXTargetDependency;
			target = 255D4B942639A96F00187C82 /* Creek Demo */;
			targetProxy = 255D4BB72639A97100187C82 /* PBXContainerItemProxy */;
		};
/* End PBXTargetDependency section */

/* Begin PBXVariantGroup section */
		255D4B9E2639A96F00187C82 /* Main.storyboard */ = {
			isa = PBXVariantGroup;
			children = (
				255D4B9F2639A96F00187C82 /* Base */,
			);
			name = Main.storyboard;
			sourceTree = "<group>";
		};
		255D4BA32639A97000187C82 /* LaunchScreen.storyboard */ = {
			isa = PBXVariantGroup;
			children = (
				255D4BA42639A97000187C82 /* Base */,
			);
			name = LaunchScreen.storyboard;
			sourceTree = "<group>";
		};
/* End PBXVariantGroup section */

/* Begin XCBuildConfiguration section */
		255D4BBD2639A97100187C82 /* Debug */ = {
			isa = XCBuildConfiguration;
			buildSettings = {
				ALWAYS_SEARCH_USER_PATHS = NO;
				CLANG_ANALYZER_NONNULL = YES;
				CLANG_ANALYZER_NUMBER_OBJECT_CONVERSION = YES_AGGRESSIVE;
				CLANG_CXX_LANGUAGE_STANDARD = "gnu++14";
				CLANG_CXX_LIBRARY = "libc++";
				CLANG_ENABLE_MODULES = YES;
				CLANG_ENABLE_OBJC_ARC = YES;
				CLANG_ENABLE_OBJC_WEAK = YES;
				CLANG_WARN_BLOCK_CAPTURE_AUTORELEASING = YES;
				CLANG_WARN_BOOL_CONVERSION = YES;
				CLANG_WARN_COMMA = YES;
				CLANG_WARN_CONSTANT_CONVERSION = YES;
				CLANG_WARN_DEPRECATED_OBJC_IMPLEMENTATIONS = YES;
				CLANG_WARN_DIRECT_OBJC_ISA_USAGE = YES_ERROR;
				CLANG_WARN_DOCUMENTATION_COMMENTS = YES;
				CLANG_WARN_EMPTY_BODY = YES;
				CLANG_WARN_ENUM_CONVERSION = YES;
				CLANG_WARN_INFINITE_RECURSION = YES;
				CLANG_WARN_INT_CONVERSION = YES;
				CLANG_WARN_NON_LITERAL_NULL_CONVERSION = YES;
				CLANG_WARN_OBJC_IMPLICIT_RETAIN_SELF = YES;
				CLANG_WARN_OBJC_LITERAL_CONVERSION = YES;
				CLANG_WARN_OBJC_ROOT_CLASS = YES_ERROR;
				CLANG_WARN_QUOTED_INCLUDE_IN_FRAMEWORK_HEADER = YES;
				CLANG_WARN_RANGE_LOOP_ANALYSIS = YES;
				CLANG_WARN_STRICT_PROTOTYPES = YES;
				CLANG_WARN_SUSPICIOUS_MOVE = YES;
				CLANG_WARN_UNGUARDED_AVAILABILITY = YES_AGGRESSIVE;
				CLANG_WARN_UNREACHABLE_CODE = YES;
				CLANG_WARN__DUPLICATE_METHOD_MATCH = YES;
				COPY_PHASE_STRIP = NO;
				DEBUG_INFORMATION_FORMAT = dwarf;
				ENABLE_STRICT_OBJC_MSGSEND = YES;
				ENABLE_TESTABILITY = YES;
				GCC_C_LANGUAGE_STANDARD = gnu11;
				GCC_DYNAMIC_NO_PIC = NO;
				GCC_NO_COMMON_BLOCKS = YES;
				GCC_OPTIMIZATION_LEVEL = 0;
				GCC_PREPROCESSOR_DEFINITIONS = (
					"DEBUG=1",
					"$(inherited)",
				);
				GCC_WARN_64_TO_32_BIT_CONVERSION = YES;
				GCC_WARN_ABOUT_RETURN_TYPE = YES_ERROR;
				GCC_WARN_UNDECLARED_SELECTOR = YES;
				GCC_WARN_UNINITIALIZED_AUTOS = YES_AGGRESSIVE;
				GCC_WARN_UNUSED_FUNCTION = YES;
				GCC_WARN_UNUSED_VARIABLE = YES;
				IPHONEOS_DEPLOYMENT_TARGET = 14.5;
				MTL_ENABLE_DEBUG_INFO = INCLUDE_SOURCE;
				MTL_FAST_MATH = YES;
				ONLY_ACTIVE_ARCH = YES;
				SDKROOT = iphoneos;
				SWIFT_ACTIVE_COMPILATION_CONDITIONS = DEBUG;
				SWIFT_OPTIMIZATION_LEVEL = "-Onone";
			};
			name = Debug;
		};
		255D4BBE2639A97100187C82 /* Release */ = {
			isa = XCBuildConfiguration;
			buildSettings = {
				ALWAYS_SEARCH_USER_PATHS = NO;
				CLANG_ANALYZER_NONNULL = YES;
				CLANG_ANALYZER_NUMBER_OBJECT_CONVERSION = YES_AGGRESSIVE;
				CLANG_CXX_LANGUAGE_STANDARD = "gnu++14";
				CLANG_CXX_LIBRARY = "libc++";
				CLANG_ENABLE_MODULES = YES;
				CLANG_ENABLE_OBJC_ARC = YES;
				CLANG_ENABLE_OBJC_WEAK = YES;
				CLANG_WARN_BLOCK_CAPTURE_AUTORELEASING = YES;
				CLANG_WARN_BOOL_CONVERSION = YES;
				CLANG_WARN_COMMA = YES;
				CLANG_WARN_CONSTANT_CONVERSION = YES;
				CLANG_WARN_DEPRECATED_OBJC_IMPLEMENTATIONS = YES;
				CLANG_WARN_DIRECT_OBJC_ISA_USAGE = YES_ERROR;
				CLANG_WARN_DOCUMENTATION_COMMENTS = YES;
				CLANG_WARN_EMPTY_BODY = YES;
				CLANG_WARN_ENUM_CONVERSION = YES;
				CLANG_WARN_INFINITE_RECURSION = YES;
				CLANG_WARN_INT_CONVERSION = YES;
				CLANG_WARN_NON_LITERAL_NULL_CONVERSION = YES;
				CLANG_WARN_OBJC_IMPLICIT_RETAIN_SELF = YES;
				CLANG_WARN_OBJC_LITERAL_CONVERSION = YES;
				CLANG_WARN_OBJC_ROOT_CLASS = YES_ERROR;
				CLANG_WARN_QUOTED_INCLUDE_IN_FRAMEWORK_HEADER = YES;
				CLANG_WARN_RANGE_LOOP_ANALYSIS = YES;
				CLANG_WARN_STRICT_PROTOTYPES = YES;
				CLANG_WARN_SUSPICIOUS_MOVE = YES;
				CLANG_WARN_UNGUARDED_AVAILABILITY = YES_AGGRESSIVE;
				CLANG_WARN_UNREACHABLE_CODE = YES;
				CLANG_WARN__DUPLICATE_METHOD_MATCH = YES;
				COPY_PHASE_STRIP = NO;
				DEBUG_INFORMATION_FORMAT = "dwarf-with-dsym";
				ENABLE_NS_ASSERTIONS = NO;
				ENABLE_STRICT_OBJC_MSGSEND = YES;
				GCC_C_LANGUAGE_STANDARD = gnu11;
				GCC_NO_COMMON_BLOCKS = YES;
				GCC_WARN_64_TO_32_BIT_CONVERSION = YES;
				GCC_WARN_ABOUT_RETURN_TYPE = YES_ERROR;
				GCC_WARN_UNDECLARED_SELECTOR = YES;
				GCC_WARN_UNINITIALIZED_AUTOS = YES_AGGRESSIVE;
				GCC_WARN_UNUSED_FUNCTION = YES;
				GCC_WARN_UNUSED_VARIABLE = YES;
				IPHONEOS_DEPLOYMENT_TARGET = 14.5;
				MTL_ENABLE_DEBUG_INFO = NO;
				MTL_FAST_MATH = YES;
				SDKROOT = iphoneos;
				SWIFT_COMPILATION_MODE = wholemodule;
				SWIFT_OPTIMIZATION_LEVEL = "-O";
				VALIDATE_PRODUCT = YES;
			};
			name = Release;
		};
		255D4BC02639A97100187C82 /* Debug */ = {
			isa = XCBuildConfiguration;
			baseConfigurationReference = 704E1681E07BABB0D3310609 /* Pods-Creek Demo.debug.xcconfig */;
			buildSettings = {
				ASSETCATALOG_COMPILER_APPICON_NAME = AppIcon;
				ASSETCATALOG_COMPILER_GLOBAL_ACCENT_COLOR_NAME = AccentColor;
				CODE_SIGN_STYLE = Automatic;
				INFOPLIST_FILE = "Creek Demo/Info.plist";
				LD_RUNPATH_SEARCH_PATHS = (
					"$(inherited)",
					"@executable_path/Frameworks",
				);
				PRODUCT_BUNDLE_IDENTIFIER = "Creek-Demo.Creek-Demo";
				PRODUCT_NAME = "$(TARGET_NAME)";
				SWIFT_VERSION = 5.0;
				TARGETED_DEVICE_FAMILY = "1,2";
			};
			name = Debug;
		};
		255D4BC12639A97100187C82 /* Release */ = {
			isa = XCBuildConfiguration;
			baseConfigurationReference = DD1D5BF0E8670AC9C243D011 /* Pods-Creek Demo.release.xcconfig */;
			buildSettings = {
				ASSETCATALOG_COMPILER_APPICON_NAME = AppIcon;
				ASSETCATALOG_COMPILER_GLOBAL_ACCENT_COLOR_NAME = AccentColor;
				CODE_SIGN_STYLE = Automatic;
				INFOPLIST_FILE = "Creek Demo/Info.plist";
				LD_RUNPATH_SEARCH_PATHS = (
					"$(inherited)",
					"@executable_path/Frameworks",
				);
				PRODUCT_BUNDLE_IDENTIFIER = "Creek-Demo.Creek-Demo";
				PRODUCT_NAME = "$(TARGET_NAME)";
				SWIFT_VERSION = 5.0;
				TARGETED_DEVICE_FAMILY = "1,2";
			};
			name = Release;
		};
		255D4BC32639A97100187C82 /* Debug */ = {
			isa = XCBuildConfiguration;
			baseConfigurationReference = 6D2DF940A751BCE862C22D87 /* Pods-Creek DemoTests.debug.xcconfig */;
			buildSettings = {
				ALWAYS_EMBED_SWIFT_STANDARD_LIBRARIES = YES;
				BUNDLE_LOADER = "$(TEST_HOST)";
				CODE_SIGN_STYLE = Automatic;
				INFOPLIST_FILE = "Creek DemoTests/Info.plist";
				IPHONEOS_DEPLOYMENT_TARGET = 14.5;
				LD_RUNPATH_SEARCH_PATHS = (
					"$(inherited)",
					"@executable_path/Frameworks",
					"@loader_path/Frameworks",
				);
				PRODUCT_BUNDLE_IDENTIFIER = "Creek-Demo.Creek-DemoTests";
				PRODUCT_NAME = "$(TARGET_NAME)";
				SWIFT_VERSION = 5.0;
				TARGETED_DEVICE_FAMILY = "1,2";
				TEST_HOST = "$(BUILT_PRODUCTS_DIR)/Creek Demo.app/Creek Demo";
			};
			name = Debug;
		};
		255D4BC42639A97100187C82 /* Release */ = {
			isa = XCBuildConfiguration;
			baseConfigurationReference = A942849E29F11F61115A6C7C /* Pods-Creek DemoTests.release.xcconfig */;
			buildSettings = {
				ALWAYS_EMBED_SWIFT_STANDARD_LIBRARIES = YES;
				BUNDLE_LOADER = "$(TEST_HOST)";
				CODE_SIGN_STYLE = Automatic;
				INFOPLIST_FILE = "Creek DemoTests/Info.plist";
				IPHONEOS_DEPLOYMENT_TARGET = 14.5;
				LD_RUNPATH_SEARCH_PATHS = (
					"$(inherited)",
					"@executable_path/Frameworks",
					"@loader_path/Frameworks",
				);
				PRODUCT_BUNDLE_IDENTIFIER = "Creek-Demo.Creek-DemoTests";
				PRODUCT_NAME = "$(TARGET_NAME)";
				SWIFT_VERSION = 5.0;
				TARGETED_DEVICE_FAMILY = "1,2";
				TEST_HOST = "$(BUILT_PRODUCTS_DIR)/Creek Demo.app/Creek Demo";
			};
			name = Release;
		};
		255D4BC62639A97100187C82 /* Debug */ = {
			isa = XCBuildConfiguration;
			baseConfigurationReference = 04924CA99AE6C278FEB9EC08 /* Pods-Creek Demo-Creek DemoUITests.debug.xcconfig */;
			buildSettings = {
				ALWAYS_EMBED_SWIFT_STANDARD_LIBRARIES = YES;
				CODE_SIGN_STYLE = Automatic;
				INFOPLIST_FILE = "Creek DemoUITests/Info.plist";
				LD_RUNPATH_SEARCH_PATHS = (
					"$(inherited)",
					"@executable_path/Frameworks",
					"@loader_path/Frameworks",
				);
				PRODUCT_BUNDLE_IDENTIFIER = "Creek-Demo.Creek-DemoUITests";
				PRODUCT_NAME = "$(TARGET_NAME)";
				SWIFT_VERSION = 5.0;
				TARGETED_DEVICE_FAMILY = "1,2";
				TEST_TARGET_NAME = "Creek Demo";
			};
			name = Debug;
		};
		255D4BC72639A97100187C82 /* Release */ = {
			isa = XCBuildConfiguration;
			baseConfigurationReference = 9BCDF50B8856E51D4CF65442 /* Pods-Creek Demo-Creek DemoUITests.release.xcconfig */;
			buildSettings = {
				ALWAYS_EMBED_SWIFT_STANDARD_LIBRARIES = YES;
				CODE_SIGN_STYLE = Automatic;
				INFOPLIST_FILE = "Creek DemoUITests/Info.plist";
				LD_RUNPATH_SEARCH_PATHS = (
					"$(inherited)",
					"@executable_path/Frameworks",
					"@loader_path/Frameworks",
				);
				PRODUCT_BUNDLE_IDENTIFIER = "Creek-Demo.Creek-DemoUITests";
				PRODUCT_NAME = "$(TARGET_NAME)";
				SWIFT_VERSION = 5.0;
				TARGETED_DEVICE_FAMILY = "1,2";
				TEST_TARGET_NAME = "Creek Demo";
			};
			name = Release;
		};
/* End XCBuildConfiguration section */

/* Begin XCConfigurationList section */
		255D4B902639A96F00187C82 /* Build configuration list for PBXProject "Creek Demo" */ = {
			isa = XCConfigurationList;
			buildConfigurations = (
				255D4BBD2639A97100187C82 /* Debug */,
				255D4BBE2639A97100187C82 /* Release */,
			);
			defaultConfigurationIsVisible = 0;
			defaultConfigurationName = Release;
		};
		255D4BBF2639A97100187C82 /* Build configuration list for PBXNativeTarget "Creek Demo" */ = {
			isa = XCConfigurationList;
			buildConfigurations = (
				255D4BC02639A97100187C82 /* Debug */,
				255D4BC12639A97100187C82 /* Release */,
			);
			defaultConfigurationIsVisible = 0;
			defaultConfigurationName = Release;
		};
		255D4BC22639A97100187C82 /* Build configuration list for PBXNativeTarget "Creek DemoTests" */ = {
			isa = XCConfigurationList;
			buildConfigurations = (
				255D4BC32639A97100187C82 /* Debug */,
				255D4BC42639A97100187C82 /* Release */,
			);
			defaultConfigurationIsVisible = 0;
			defaultConfigurationName = Release;
		};
		255D4BC52639A97100187C82 /* Build configuration list for PBXNativeTarget "Creek DemoUITests" */ = {
			isa = XCConfigurationList;
			buildConfigurations = (
				255D4BC62639A97100187C82 /* Debug */,
				255D4BC72639A97100187C82 /* Release */,
			);
			defaultConfigurationIsVisible = 0;
			defaultConfigurationName = Release;
		};
/* End XCConfigurationList section */
	};
	rootObject = 255D4B8D2639A96F00187C82 /* Project object */;
}
